{
  "name": "tmi",
  "version": "0.0.0",
  "lockfileVersion": 1,
  "requires": true,
  "dependencies": {
    "angular": {
      "version": "1.6.6",
      "resolved": "https://registry.npmjs.org/angular/-/angular-1.6.6.tgz",
      "integrity": "sha1-/Vo8+0N844LYVO4BEgeXl4Uny2Q="
    },
    "angular-sanitize": {
      "version": "1.6.6",
      "resolved": "https://registry.npmjs.org/angular-sanitize/-/angular-sanitize-1.6.6.tgz",
      "integrity": "sha1-D9BloZkxUX++zmZZbTJdcrbgYEE="
    },
    "angular-schema-form": {
      "version": "0.8.13",
      "resolved": "https://registry.npmjs.org/angular-schema-form/-/angular-schema-form-0.8.13.tgz",
      "integrity": "sha1-kLviqQZk0IPaPcEnH4kKlL59FA8=",
      "requires": {
        "angular": "1.6.6",
        "angular-sanitize": "1.6.6",
        "objectpath": "1.2.1",
        "tv4": "1.0.18"
      }
    },
    "objectpath": {
      "version": "1.2.1",
      "resolved": "https://registry.npmjs.org/objectpath/-/objectpath-1.2.1.tgz",
      "integrity": "sha1-yHQzvdNSrqAU5PnAtS1wpCZSBS4="
    },
    "tv4": {
      "version": "1.0.18",
      "resolved": "https://registry.npmjs.org/tv4/-/tv4-1.0.18.tgz",
      "integrity": "sha1-c5d2nwA1jjO/Uo3FyHZMYbbegkU="
    }
  }
}
